
Microsoft Visual Studio Solution File, Format Version 12.00
# Visual Studio Version 16
VisualStudioVersion = 16.0.30002.166
MinimumVisualStudioVersion = 10.0.40219.1
Project("{FAE04EC0-301F-11D3-BF4B-00C04F79EFBC}") = "onecondition", "onecondition\onecondition.csproj", "{1B68942C-4E81-470B-87C5-5EFEBB941427}"
EndProject
Global
	GlobalSection(SolutionConfigurationPlatforms) = preSolution
		Debug|Any CPU = Debug|Any CPU
		Release|Any CPU = Release|Any CPU
	EndGlobalSection
	GlobalSection(ProjectConfigurationPlatforms) = postSolution
		{1B68942C-4E81-470B-87C5-5EFEBB941427}.Debug|Any CPU.ActiveCfg = Debug|Any CPU
		{1B68942C-4E81-470B-87C5-5EFEBB941427}.Debug|Any CPU.Build.0 = Debug|Any CPU
		{1B68942C-4E81-470B-87C5-5EFEBB941427}.Release|Any CPU.ActiveCfg = Release|Any CPU
		{1B68942C-4E81-470B-87C5-5EFEBB941427}.Release|Any CPU.Build.0 = Release|Any CPU
	EndGlobalSection
	GlobalSection(SolutionProperties) = preSolution
		HideSolutionNode = FALSE
	EndGlobalSection
	GlobalSection(ExtensibilityGlobals) = postSolution
		SolutionGuid = {7396D317-FE21-4E2F-8B4A-B785F2E8F40F}
	EndGlobalSection
EndGlobal
